// !$*UTF8*$!
{
	archiveVersion = 1;
	classes = {
	};
	objectVersion = 55;
	objects = {

/* Begin PBXBuildFile section */
		6052F6EC288EC97F007094D4 /* MenuAppApp.swift in Sources */ = {isa = PBXBuildFile; fileRef = 6052F6EB288EC97F007094D4 /* MenuAppApp.swift */; };
		6052F6F0288EC97F007094D4 /* Assets.xcassets in Resources */ = {isa = PBXBuildFile; fileRef = 6052F6EF288EC97F007094D4 /* Assets.xcassets */; };
		6052F6F3288EC97F007094D4 /* Preview Assets.xcassets in Resources */ = {isa = PBXBuildFile; fileRef = 6052F6F2288EC97F007094D4 /* Preview Assets.xcassets */; };
		6052F701288ECA86007094D4 /* Bundle+Extention.swift in Sources */ = {isa = PBXBuildFile; fileRef = 6052F700288ECA86007094D4 /* Bundle+Extention.swift */; };
		6052F703288ECAA6007094D4 /* Order.swift in Sources */ = {isa = PBXBuildFile; fileRef = 6052F702288ECAA6007094D4 /* Order.swift */; };
		6052F705288ECAB1007094D4 /* Menu.swift in Sources */ = {isa = PBXBuildFile; fileRef = 6052F704288ECAB1007094D4 /* Menu.swift */; };
		6052F707288ECB15007094D4 /* menu.json in Resources */ = {isa = PBXBuildFile; fileRef = 6052F706288ECB15007094D4 /* menu.json */; };
		6052F70B288ED279007094D4 /* MenuListView.swift in Sources */ = {isa = PBXBuildFile; fileRef = 6052F70A288ED279007094D4 /* MenuListView.swift */; };
		6052F70D288EE9BA007094D4 /* ItemRow.swift in Sources */ = {isa = PBXBuildFile; fileRef = 6052F70C288EE9BA007094D4 /* ItemRow.swift */; };
		6052F70F288EF475007094D4 /* ItemDetails.swift in Sources */ = {isa = PBXBuildFile; fileRef = 6052F70E288EF475007094D4 /* ItemDetails.swift */; };
		6052F711288F01E8007094D4 /* OrderedView.swift in Sources */ = {isa = PBXBuildFile; fileRef = 6052F710288F01E8007094D4 /* OrderedView.swift */; };
		6052F713288F020D007094D4 /* OrderMenuView.swift in Sources */ = {isa = PBXBuildFile; fileRef = 6052F712288F020D007094D4 /* OrderMenuView.swift */; };
		6052F716288F1205007094D4 /* CheckOutView.swift in Sources */ = {isa = PBXBuildFile; fileRef = 6052F715288F1205007094D4 /* CheckOutView.swift */; };
/* End PBXBuildFile section */

/* Begin PBXFileReference section */
		6052F6E8288EC97F007094D4 /* MenuApp.app */ = {isa = PBXFileReference; explicitFileType = wrapper.application; includeInIndex = 0; path = MenuApp.app; sourceTree = BUILT_PRODUCTS_DIR; };
		6052F6EB288EC97F007094D4 /* MenuAppApp.swift */ = {isa = PBXFileReference; lastKnownFileType = sourcecode.swift; path = MenuAppApp.swift; sourceTree = "<group>"; };
		6052F6EF288EC97F007094D4 /* Assets.xcassets */ = {isa = PBXFileReference; lastKnownFileType = folder.assetcatalog; path = Assets.xcassets; sourceTree = "<group>"; };
		6052F6F2288EC97F007094D4 /* Preview Assets.xcassets */ = {isa = PBXFileReference; lastKnownFileType = folder.assetcatalog; path = "Preview Assets.xcassets"; sourceTree = "<group>"; };
		6052F700288ECA86007094D4 /* Bundle+Extention.swift */ = {isa = PBXFileReference; fileEncoding = 4; lastKnownFileType = sourcecode.swift; path = "Bundle+Extention.swift"; sourceTree = "<group>"; };
		6052F702288ECAA6007094D4 /* Order.swift */ = {isa = PBXFileReference; fileEncoding = 4; lastKnownFileType = sourcecode.swift; path = Order.swift; sourceTree = "<group>"; };
		6052F704288ECAB1007094D4 /* Menu.swift */ = {isa = PBXFileReference; fileEncoding = 4; lastKnownFileType = sourcecode.swift; path = Menu.swift; sourceTree = "<group>"; };
		6052F706288ECB15007094D4 /* menu.json */ = {isa = PBXFileReference; fileEncoding = 4; lastKnownFileType = text.json; path = menu.json; sourceTree = "<group>"; };
		6052F70A288ED279007094D4 /* MenuListView.swift */ = {isa = PBXFileReference; lastKnownFileType = sourcecode.swift; path = MenuListView.swift; sourceTree = "<group>"; };
		6052F70C288EE9BA007094D4 /* ItemRow.swift */ = {isa = PBXFileReference; lastKnownFileType = sourcecode.swift; path = ItemRow.swift; sourceTree = "<group>"; };
		6052F70E288EF475007094D4 /* ItemDetails.swift */ = {isa = PBXFileReference; lastKnownFileType = sourcecode.swift; path = ItemDetails.swift; sourceTree = "<group>"; };
		6052F710288F01E8007094D4 /* OrderedView.swift */ = {isa = PBXFileReference; lastKnownFileType = sourcecode.swift; path = OrderedView.swift; sourceTree = "<group>"; };
		6052F712288F020D007094D4 /* OrderMenuView.swift */ = {isa = PBXFileReference; lastKnownFileType = sourcecode.swift; path = OrderMenuView.swift; sourceTree = "<group>"; };
		6052F715288F1205007094D4 /* CheckOutView.swift */ = {isa = PBXFileReference; lastKnownFileType = sourcecode.swift; path = CheckOutView.swift; sourceTree = "<group>"; };
/* End PBXFileReference section */

/* Begin PBXFrameworksBuildPhase section */
		6052F6E5288EC97F007094D4 /* Frameworks */ = {
			isa = PBXFrameworksBuildPhase;
			buildActionMask = 2147483647;
			files = (
			);
			runOnlyForDeploymentPostprocessing = 0;
		};
/* End PBXFrameworksBuildPhase section */

/* Begin PBXGroup section */
		6052F6DF288EC97F007094D4 = {
			isa = PBXGroup;
			children = (
				6052F6EA288EC97F007094D4 /* MenuApp */,
				6052F6E9288EC97F007094D4 /* Products */,
			);
			sourceTree = "<group>";
		};
		6052F6E9288EC97F007094D4 /* Products */ = {
			isa = PBXGroup;
			children = (
				6052F6E8288EC97F007094D4 /* MenuApp.app */,
			);
			name = Products;
			sourceTree = "<group>";
		};
		6052F6EA288EC97F007094D4 /* MenuApp */ = {
			isa = PBXGroup;
			children = (
				6052F6FF288ECA75007094D4 /* Services */,
				6052F6FA288EC9FB007094D4 /* Features */,
				6052F6F9288EC992007094D4 /* Core */,
				6052F708288ECBD1007094D4 /* Resources */,
				6052F6F1288EC97F007094D4 /* Preview Content */,
			);
			path = MenuApp;
			sourceTree = "<group>";
		};
		6052F6F1288EC97F007094D4 /* Preview Content */ = {
			isa = PBXGroup;
			children = (
				6052F6F2288EC97F007094D4 /* Preview Assets.xcassets */,
			);
			path = "Preview Content";
			sourceTree = "<group>";
		};
		6052F6F9288EC992007094D4 /* Core */ = {
			isa = PBXGroup;
			children = (
				6052F6EB288EC97F007094D4 /* MenuAppApp.swift */,
			);
			path = Core;
			sourceTree = "<group>";
		};
		6052F6FA288EC9FB007094D4 /* Features */ = {
			isa = PBXGroup;
			children = (
				6052F6FE288ECA6F007094D4 /* Models */,
				6052F714288F11F4007094D4 /* CheckOut */,
				6052F6FD288ECA40007094D4 /* OrderedItems */,
				6052F6FC288ECA1F007094D4 /* OrderDetails */,
				6052F6FB288ECA0E007094D4 /* MenuList */,
			);
			path = Features;
			sourceTree = "<group>";
		};
		6052F6FB288ECA0E007094D4 /* MenuList */ = {
			isa = PBXGroup;
			children = (
				6052F709288ECC6C007094D4 /* Views */,
				6052F702288ECAA6007094D4 /* Order.swift */,
			);
			path = MenuList;
			sourceTree = "<group>";
		};
		6052F6FC288ECA1F007094D4 /* OrderDetails */ = {
			isa = PBXGroup;
			children = (
				6052F70E288EF475007094D4 /* ItemDetails.swift */,
			);
			path = OrderDetails;
			sourceTree = "<group>";
		};
		6052F6FD288ECA40007094D4 /* OrderedItems */ = {
			isa = PBXGroup;
			children = (
				6052F710288F01E8007094D4 /* OrderedView.swift */,
			);
			path = OrderedItems;
			sourceTree = "<group>";
		};
		6052F6FE288ECA6F007094D4 /* Models */ = {
			isa = PBXGroup;
			children = (
				6052F704288ECAB1007094D4 /* Menu.swift */,
			);
			path = Models;
			sourceTree = "<group>";
		};
		6052F6FF288ECA75007094D4 /* Services */ = {
			isa = PBXGroup;
			children = (
				6052F700288ECA86007094D4 /* Bundle+Extention.swift */,
			);
			path = Services;
			sourceTree = "<group>";
		};
		6052F708288ECBD1007094D4 /* Resources */ = {
			isa = PBXGroup;
			children = (
				6052F706288ECB15007094D4 /* menu.json */,
				6052F6EF288EC97F007094D4 /* Assets.xcassets */,
			);
			path = Resources;
			sourceTree = "<group>";
		};
		6052F709288ECC6C007094D4 /* Views */ = {
			isa = PBXGroup;
			children = (
				6052F712288F020D007094D4 /* OrderMenuView.swift */,
				6052F70A288ED279007094D4 /* MenuListView.swift */,
				6052F70C288EE9BA007094D4 /* ItemRow.swift */,
			);
			path = Views;
			sourceTree = "<group>";
		};
		6052F714288F11F4007094D4 /* CheckOut */ = {
			isa = PBXGroup;
			children = (
				6052F715288F1205007094D4 /* CheckOutView.swift */,
			);
			path = CheckOut;
			sourceTree = "<group>";
		};
/* End PBXGroup section */

/* Begin PBXNativeTarget section */
		6052F6E7288EC97F007094D4 /* MenuApp */ = {
			isa = PBXNativeTarget;
			buildConfigurationList = 6052F6F6288EC97F007094D4 /* Build configuration list for PBXNativeTarget "MenuApp" */;
			buildPhases = (
				6052F6E4288EC97F007094D4 /* Sources */,
				6052F6E5288EC97F007094D4 /* Frameworks */,
				6052F6E6288EC97F007094D4 /* Resources */,
			);
			buildRules = (
			);
			dependencies = (
			);
			name = MenuApp;
			productName = MenuApp;
			productReference = 6052F6E8288EC97F007094D4 /* MenuApp.app */;
			productType = "com.apple.product-type.application";
		};
/* End PBXNativeTarget section */

/* Begin PBXProject section */
		6052F6E0288EC97F007094D4 /* Project object */ = {
			isa = PBXProject;
			attributes = {
				BuildIndependentTargetsInParallel = 1;
				LastSwiftUpdateCheck = 1340;
				LastUpgradeCheck = 1340;
				TargetAttributes = {
					6052F6E7288EC97F007094D4 = {
						CreatedOnToolsVersion = 13.4.1;
					};
				};
			};
			buildConfigurationList = 6052F6E3288EC97F007094D4 /* Build configuration list for PBXProject "MenuApp" */;
			compatibilityVersion = "Xcode 13.0";
			developmentRegion = en;
			hasScannedForEncodings = 0;
			knownRegions = (
				en,
				Base,
			);
			mainGroup = 6052F6DF288EC97F007094D4;
			productRefGroup = 6052F6E9288EC97F007094D4 /* Products */;
			projectDirPath = "";
			projectRoot = "";
			targets = (
				6052F6E7288EC97F007094D4 /* MenuApp */,
			);
		};
/* End PBXProject section */

/* Begin PBXResourcesBuildPhase section */
		6052F6E6288EC97F007094D4 /* Resources */ = {
			isa = PBXResourcesBuildPhase;
			buildActionMask = 2147483647;
			files = (
				6052F707288ECB15007094D4 /* menu.json in Resources */,
				6052F6F3288EC97F007094D4 /* Preview Assets.xcassets in Resources */,
				6052F6F0288EC97F007094D4 /* Assets.xcassets in Resources */,
			);
			runOnlyForDeploymentPostprocessing = 0;
		};
/* End PBXResourcesBuildPhase section */

/* Begin PBXSourcesBuildPhase section */
		6052F6E4288EC97F007094D4 /* Sources */ = {
			isa = PBXSourcesBuildPhase;
			buildActionMask = 2147483647;
			files = (
				6052F6EC288EC97F007094D4 /* MenuAppApp.swift in Sources */,
				6052F70B288ED279007094D4 /* MenuListView.swift in Sources */,
				6052F703288ECAA6007094D4 /* Order.swift in Sources */,
				6052F70D288EE9BA007094D4 /* ItemRow.swift in Sources */,
				6052F711288F01E8007094D4 /* OrderedView.swift in Sources */,
				6052F70F288EF475007094D4 /* ItemDetails.swift in Sources */,
				6052F716288F1205007094D4 /* CheckOutView.swift in Sources */,
				6052F713288F020D007094D4 /* OrderMenuView.swift in Sources */,
				6052F701288ECA86007094D4 /* Bundle+Extention.swift in Sources */,
				6052F705288ECAB1007094D4 /* Menu.swift in Sources */,
			);
			runOnlyForDeploymentPostprocessing = 0;
		};
/* End PBXSourcesBuildPhase section */

/* Begin XCBuildConfiguration section */
		6052F6F4288EC97F007094D4 /* Debug */ = {
			isa = XCBuildConfiguration;
			buildSettings = {
				ALWAYS_SEARCH_USER_PATHS = NO;
				CLANG_ANALYZER_NONNULL = YES;
				CLANG_ANALYZER_NUMBER_OBJECT_CONVERSION = YES_AGGRESSIVE;
				CLANG_CXX_LANGUAGE_STANDARD = "gnu++17";
				CLANG_ENABLE_MODULES = YES;
				CLANG_ENABLE_OBJC_ARC = YES;
				CLANG_ENABLE_OBJC_WEAK = YES;
				CLANG_WARN_BLOCK_CAPTURE_AUTORELEASING = YES;
				CLANG_WARN_BOOL_CONVERSION = YES;
				CLANG_WARN_COMMA = YES;
				CLANG_WARN_CONSTANT_CONVERSION = YES;
				CLANG_WARN_DEPRECATED_OBJC_IMPLEMENTATIONS = YES;
				CLANG_WARN_DIRECT_OBJC_ISA_USAGE = YES_ERROR;
				CLANG_WARN_DOCUMENTATION_COMMENTS = YES;
				CLANG_WARN_EMPTY_BODY = YES;
				CLANG_WARN_ENUM_CONVERSION = YES;
				CLANG_WARN_INFINITE_RECURSION = YES;
				CLANG_WARN_INT_CONVERSION = YES;
				CLANG_WARN_NON_LITERAL_NULL_CONVERSION = YES;
				CLANG_WARN_OBJC_IMPLICIT_RETAIN_SELF = YES;
				CLANG_WARN_OBJC_LITERAL_CONVERSION = YES;
				CLANG_WARN_OBJC_ROOT_CLASS = YES_ERROR;
				CLANG_WARN_QUOTED_INCLUDE_IN_FRAMEWORK_HEADER = YES;
				CLANG_WARN_RANGE_LOOP_ANALYSIS = YES;
				CLANG_WARN_STRICT_PROTOTYPES = YES;
				CLANG_WARN_SUSPICIOUS_MOVE = YES;
				CLANG_WARN_UNGUARDED_AVAILABILITY = YES_AGGRESSIVE;
				CLANG_WARN_UNREACHABLE_CODE = YES;
				CLANG_WARN__DUPLICATE_METHOD_MATCH = YES;
				COPY_PHASE_STRIP = NO;
				DEBUG_INFORMATION_FORMAT = dwarf;
				ENABLE_STRICT_OBJC_MSGSEND = YES;
				ENABLE_TESTABILITY = YES;
				GCC_C_LANGUAGE_STANDARD = gnu11;
				GCC_DYNAMIC_NO_PIC = NO;
				GCC_NO_COMMON_BLOCKS = YES;
				GCC_OPTIMIZATION_LEVEL = 0;
				GCC_PREPROCESSOR_DEFINITIONS = (
					"DEBUG=1",
					"$(inherited)",
				);
				GCC_WARN_64_TO_32_BIT_CONVERSION = YES;
				GCC_WARN_ABOUT_RETURN_TYPE = YES_ERROR;
				GCC_WARN_UNDECLARED_SELECTOR = YES;
				GCC_WARN_UNINITIALIZED_AUTOS = YES_AGGRESSIVE;
				GCC_WARN_UNUSED_FUNCTION = YES;
				GCC_WARN_UNUSED_VARIABLE = YES;
				IPHONEOS_DEPLOYMENT_TARGET = 15.5;
				MTL_ENABLE_DEBUG_INFO = INCLUDE_SOURCE;
				MTL_FAST_MATH = YES;
				ONLY_ACTIVE_ARCH = YES;
				SDKROOT = iphoneos;
				SWIFT_ACTIVE_COMPILATION_CONDITIONS = DEBUG;
				SWIFT_OPTIMIZATION_LEVEL = "-Onone";
			};
			name = Debug;
		};
		6052F6F5288EC97F007094D4 /* Release */ = {
			isa = XCBuildConfiguration;
			buildSettings = {
				ALWAYS_SEARCH_USER_PATHS = NO;
				CLANG_ANALYZER_NONNULL = YES;
				CLANG_ANALYZER_NUMBER_OBJECT_CONVERSION = YES_AGGRESSIVE;
				CLANG_CXX_LANGUAGE_STANDARD = "gnu++17";
				CLANG_ENABLE_MODULES = YES;
				CLANG_ENABLE_OBJC_ARC = YES;
				CLANG_ENABLE_OBJC_WEAK = YES;
				CLANG_WARN_BLOCK_CAPTURE_AUTORELEASING = YES;
				CLANG_WARN_BOOL_CONVERSION = YES;
				CLANG_WARN_COMMA = YES;
				CLANG_WARN_CONSTANT_CONVERSION = YES;
				CLANG_WARN_DEPRECATED_OBJC_IMPLEMENTATIONS = YES;
				CLANG_WARN_DIRECT_OBJC_ISA_USAGE = YES_ERROR;
				CLANG_WARN_DOCUMENTATION_COMMENTS = YES;
				CLANG_WARN_EMPTY_BODY = YES;
				CLANG_WARN_ENUM_CONVERSION = YES;
				CLANG_WARN_INFINITE_RECURSION = YES;
				CLANG_WARN_INT_CONVERSION = YES;
				CLANG_WARN_NON_LITERAL_NULL_CONVERSION = YES;
				CLANG_WARN_OBJC_IMPLICIT_RETAIN_SELF = YES;
				CLANG_WARN_OBJC_LITERAL_CONVERSION = YES;
				CLANG_WARN_OBJC_ROOT_CLASS = YES_ERROR;
				CLANG_WARN_QUOTED_INCLUDE_IN_FRAMEWORK_HEADER = YES;
				CLANG_WARN_RANGE_LOOP_ANALYSIS = YES;
				CLANG_WARN_STRICT_PROTOTYPES = YES;
				CLANG_WARN_SUSPICIOUS_MOVE = YES;
				CLANG_WARN_UNGUARDED_AVAILABILITY = YES_AGGRESSIVE;
				CLANG_WARN_UNREACHABLE_CODE = YES;
				CLANG_WARN__DUPLICATE_METHOD_MATCH = YES;
				COPY_PHASE_STRIP = NO;
				DEBUG_INFORMATION_FORMAT = "dwarf-with-dsym";
				ENABLE_NS_ASSERTIONS = NO;
				ENABLE_STRICT_OBJC_MSGSEND = YES;
				GCC_C_LANGUAGE_STANDARD = gnu11;
				GCC_NO_COMMON_BLOCKS = YES;
				GCC_WARN_64_TO_32_BIT_CONVERSION = YES;
				GCC_WARN_ABOUT_RETURN_TYPE = YES_ERROR;
				GCC_WARN_UNDECLARED_SELECTOR = YES;
				GCC_WARN_UNINITIALIZED_AUTOS = YES_AGGRESSIVE;
				GCC_WARN_UNUSED_FUNCTION = YES;
				GCC_WARN_UNUSED_VARIABLE = YES;
				IPHONEOS_DEPLOYMENT_TARGET = 15.5;
				MTL_ENABLE_DEBUG_INFO = NO;
				MTL_FAST_MATH = YES;
				SDKROOT = iphoneos;
				SWIFT_COMPILATION_MODE = wholemodule;
				SWIFT_OPTIMIZATION_LEVEL = "-O";
				VALIDATE_PRODUCT = YES;
			};
			name = Release;
		};
		6052F6F7288EC97F007094D4 /* Debug */ = {
			isa = XCBuildConfiguration;
			buildSettings = {
				ASSETCATALOG_COMPILER_APPICON_NAME = AppIcon;
				ASSETCATALOG_COMPILER_GLOBAL_ACCENT_COLOR_NAME = AccentColor;
				CODE_SIGN_STYLE = Automatic;
				CURRENT_PROJECT_VERSION = 1;
				DEVELOPMENT_ASSET_PATHS = "\"MenuApp/Preview Content\"";
				DEVELOPMENT_TEAM = 4A3GDCJZQY;
				ENABLE_PREVIEWS = YES;
				GENERATE_INFOPLIST_FILE = YES;
				INFOPLIST_KEY_UIApplicationSceneManifest_Generation = YES;
				INFOPLIST_KEY_UIApplicationSupportsIndirectInputEvents = YES;
				INFOPLIST_KEY_UILaunchScreen_Generation = YES;
				INFOPLIST_KEY_UISupportedInterfaceOrientations_iPad = "UIInterfaceOrientationPortrait UIInterfaceOrientationPortraitUpsideDown UIInterfaceOrientationLandscapeLeft UIInterfaceOrientationLandscapeRight";
				INFOPLIST_KEY_UISupportedInterfaceOrientations_iPhone = "UIInterfaceOrientationPortrait UIInterfaceOrientationLandscapeLeft UIInterfaceOrientationLandscapeRight";
				LD_RUNPATH_SEARCH_PATHS = (
					"$(inherited)",
					"@executable_path/Frameworks",
				);
				MARKETING_VERSION = 1.0;
				PRODUCT_BUNDLE_IDENTIFIER = com.MohamedSamirEG.MenuApp;
				PRODUCT_NAME = "$(TARGET_NAME)";
				SWIFT_EMIT_LOC_STRINGS = YES;
				SWIFT_VERSION = 5.0;
				TARGETED_DEVICE_FAMILY = "1,2";
			};
			name = Debug;
		};
		6052F6F8288EC97F007094D4 /* Release */ = {
			isa = XCBuildConfiguration;
			buildSettings = {
				ASSETCATALOG_COMPILER_APPICON_NAME = AppIcon;
				ASSETCATALOG_COMPILER_GLOBAL_ACCENT_COLOR_NAME = AccentColor;
				CODE_SIGN_STYLE = Automatic;
				CURRENT_PROJECT_VERSION = 1;
				DEVELOPMENT_ASSET_PATHS = "\"MenuApp/Preview Content\"";
				DEVELOPMENT_TEAM = 4A3GDCJZQY;
				ENABLE_PREVIEWS = YES;
				GENERATE_INFOPLIST_FILE = YES;
				INFOPLIST_KEY_UIApplicationSceneManifest_Generation = YES;
				INFOPLIST_KEY_UIApplicationSupportsIndirectInputEvents = YES;
				INFOPLIST_KEY_UILaunchScreen_Generation = YES;
				INFOPLIST_KEY_UISupportedInterfaceOrientations_iPad = "UIInterfaceOrientationPortrait UIInterfaceOrientationPortraitUpsideDown UIInterfaceOrientationLandscapeLeft UIInterfaceOrientationLandscapeRight";
				INFOPLIST_KEY_UISupportedInterfaceOrientations_iPhone = "UIInterfaceOrientationPortrait UIInterfaceOrientationLandscapeLeft UIInterfaceOrientationLandscapeRight";
				LD_RUNPATH_SEARCH_PATHS = (
					"$(inherited)",
					"@executable_path/Frameworks",
				);
				MARKETING_VERSION = 1.0;
				PRODUCT_BUNDLE_IDENTIFIER = com.MohamedSamirEG.MenuApp;
				PRODUCT_NAME = "$(TARGET_NAME)";
				SWIFT_EMIT_LOC_STRINGS = YES;
				SWIFT_VERSION = 5.0;
				TARGETED_DEVICE_FAMILY = "1,2";
			};
			name = Release;
		};
/* End XCBuildConfiguration section */

/* Begin XCConfigurationList section */
		6052F6E3288EC97F007094D4 /* Build configuration list for PBXProject "MenuApp" */ = {
			isa = XCConfigurationList;
			buildConfigurations = (
				6052F6F4288EC97F007094D4 /* Debug */,
				6052F6F5288EC97F007094D4 /* Release */,
			);
			defaultConfigurationIsVisible = 0;
			defaultConfigurationName = Release;
		};
		6052F6F6288EC97F007094D4 /* Build configuration list for PBXNativeTarget "MenuApp" */ = {
			isa = XCConfigurationList;
			buildConfigurations = (
				6052F6F7288EC97F007094D4 /* Debug */,
				6052F6F8288EC97F007094D4 /* Release */,
			);
			defaultConfigurationIsVisible = 0;
			defaultConfigurationName = Release;
		};
/* End XCConfigurationList section */
	};
	rootObject = 6052F6E0288EC97F007094D4 /* Project object */;
}
